// !$*UTF8*$!
{
	archiveVersion = 1;
	classes = {
	};
	objectVersion = 56;
	objects = {

/* Begin PBXBuildFile section */
		1755B38A2AC581AA008D41C8 /* wordleApp.swift in Sources */ = {isa = PBXBuildFile; fileRef = 1755B3892AC581AA008D41C8 /* wordleApp.swift */; };
		1755B38E2AC581AC008D41C8 /* Assets.xcassets in Resources */ = {isa = PBXBuildFile; fileRef = 1755B38D2AC581AC008D41C8 /* Assets.xcassets */; };
		1755B3912AC581AC008D41C8 /* Preview Assets.xcassets in Resources */ = {isa = PBXBuildFile; fileRef = 1755B3902AC581AC008D41C8 /* Preview Assets.xcassets */; };
		1755B3992AC591AF008D41C8 /* KeyboardService.swift in Sources */ = {isa = PBXBuildFile; fileRef = 1755B3982AC591AF008D41C8 /* KeyboardService.swift */; };
		1755B39D2AC59299008D41C8 /* KeyboardView.swift in Sources */ = {isa = PBXBuildFile; fileRef = 1755B39C2AC59299008D41C8 /* KeyboardView.swift */; };
		1755B39F2AC59A3D008D41C8 /* KeyboardViewModel.swift in Sources */ = {isa = PBXBuildFile; fileRef = 1755B39E2AC59A3D008D41C8 /* KeyboardViewModel.swift */; };
		1755B3A22AC59F24008D41C8 /* GridView.swift in Sources */ = {isa = PBXBuildFile; fileRef = 1755B3A12AC59F24008D41C8 /* GridView.swift */; };
		1755B3A52AC5A8B4008D41C8 /* MainView.swift in Sources */ = {isa = PBXBuildFile; fileRef = 1755B3A42AC5A8B4008D41C8 /* MainView.swift */; };
		1755B3A72AC5A8C1008D41C8 /* MainViewModel.swift in Sources */ = {isa = PBXBuildFile; fileRef = 1755B3A62AC5A8C1008D41C8 /* MainViewModel.swift */; };
		1755B3A92AC5AEDB008D41C8 /* wordle-words.txt in Resources */ = {isa = PBXBuildFile; fileRef = 1755B3A82AC5AEDA008D41C8 /* wordle-words.txt */; };
		1755B3AB2AC5AEF5008D41C8 /* AppService.swift in Sources */ = {isa = PBXBuildFile; fileRef = 1755B3AA2AC5AEF5008D41C8 /* AppService.swift */; };
		1755B3AD2AC5B249008D41C8 /* GridViewModel.swift in Sources */ = {isa = PBXBuildFile; fileRef = 1755B3AC2AC5B249008D41C8 /* GridViewModel.swift */; };
		17BCAADF2ACBDEB700DA8595 /* ModalView.swift in Sources */ = {isa = PBXBuildFile; fileRef = 17BCAADE2ACBDEB700DA8595 /* ModalView.swift */; };
		17BCAAE12ACBDF4300DA8595 /* ModalViewModel.swift in Sources */ = {isa = PBXBuildFile; fileRef = 17BCAAE02ACBDF4300DA8595 /* ModalViewModel.swift */; };
		17D49EE22AC6B37B0074ED6C /* Arrays.swift in Sources */ = {isa = PBXBuildFile; fileRef = 17D49EE12AC6B37B0074ED6C /* Arrays.swift */; };
		17D49EE52AC6B4150074ED6C /* AlertToast in Frameworks */ = {isa = PBXBuildFile; productRef = 17D49EE42AC6B4150074ED6C /* AlertToast */; };
		17E0EF8F2ACFECC70089CA27 /* WebView.swift in Sources */ = {isa = PBXBuildFile; fileRef = 17E0EF8E2ACFECC70089CA27 /* WebView.swift */; };
/* End PBXBuildFile section */

/* Begin PBXFileReference section */
		1755B3862AC581AA008D41C8 /* wordle.app */ = {isa = PBXFileReference; explicitFileType = wrapper.application; includeInIndex = 0; path = wordle.app; sourceTree = BUILT_PRODUCTS_DIR; };
		1755B3892AC581AA008D41C8 /* wordleApp.swift */ = {isa = PBXFileReference; lastKnownFileType = sourcecode.swift; path = wordleApp.swift; sourceTree = "<group>"; };
		1755B38D2AC581AC008D41C8 /* Assets.xcassets */ = {isa = PBXFileReference; lastKnownFileType = folder.assetcatalog; path = Assets.xcassets; sourceTree = "<group>"; };
		1755B3902AC581AC008D41C8 /* Preview Assets.xcassets */ = {isa = PBXFileReference; lastKnownFileType = folder.assetcatalog; path = "Preview Assets.xcassets"; sourceTree = "<group>"; };
		1755B3982AC591AF008D41C8 /* KeyboardService.swift */ = {isa = PBXFileReference; lastKnownFileType = sourcecode.swift; path = KeyboardService.swift; sourceTree = "<group>"; };
		1755B39C2AC59299008D41C8 /* KeyboardView.swift */ = {isa = PBXFileReference; lastKnownFileType = sourcecode.swift; path = KeyboardView.swift; sourceTree = "<group>"; };
		1755B39E2AC59A3D008D41C8 /* KeyboardViewModel.swift */ = {isa = PBXFileReference; lastKnownFileType = sourcecode.swift; path = KeyboardViewModel.swift; sourceTree = "<group>"; };
		1755B3A12AC59F24008D41C8 /* GridView.swift */ = {isa = PBXFileReference; lastKnownFileType = sourcecode.swift; path = GridView.swift; sourceTree = "<group>"; };
		1755B3A42AC5A8B4008D41C8 /* MainView.swift */ = {isa = PBXFileReference; lastKnownFileType = sourcecode.swift; path = MainView.swift; sourceTree = "<group>"; };
		1755B3A62AC5A8C1008D41C8 /* MainViewModel.swift */ = {isa = PBXFileReference; lastKnownFileType = sourcecode.swift; path = MainViewModel.swift; sourceTree = "<group>"; };
		1755B3A82AC5AEDA008D41C8 /* wordle-words.txt */ = {isa = PBXFileReference; fileEncoding = 4; lastKnownFileType = text; path = "wordle-words.txt"; sourceTree = "<group>"; };
		1755B3AA2AC5AEF5008D41C8 /* AppService.swift */ = {isa = PBXFileReference; lastKnownFileType = sourcecode.swift; path = AppService.swift; sourceTree = "<group>"; };
		1755B3AC2AC5B249008D41C8 /* GridViewModel.swift */ = {isa = PBXFileReference; lastKnownFileType = sourcecode.swift; path = GridViewModel.swift; sourceTree = "<group>"; };
		17BCAADE2ACBDEB700DA8595 /* ModalView.swift */ = {isa = PBXFileReference; lastKnownFileType = sourcecode.swift; path = ModalView.swift; sourceTree = "<group>"; };
		17BCAAE02ACBDF4300DA8595 /* ModalViewModel.swift */ = {isa = PBXFileReference; lastKnownFileType = sourcecode.swift; path = ModalViewModel.swift; sourceTree = "<group>"; };
		17D49EE12AC6B37B0074ED6C /* Arrays.swift */ = {isa = PBXFileReference; lastKnownFileType = sourcecode.swift; path = Arrays.swift; sourceTree = "<group>"; };
		17E0EF8E2ACFECC70089CA27 /* WebView.swift */ = {isa = PBXFileReference; lastKnownFileType = sourcecode.swift; path = WebView.swift; sourceTree = "<group>"; };
/* End PBXFileReference section */

/* Begin PBXFrameworksBuildPhase section */
		1755B3832AC581AA008D41C8 /* Frameworks */ = {
			isa = PBXFrameworksBuildPhase;
			buildActionMask = 2147483647;
			files = (
				17D49EE52AC6B4150074ED6C /* AlertToast in Frameworks */,
			);
			runOnlyForDeploymentPostprocessing = 0;
		};
/* End PBXFrameworksBuildPhase section */

/* Begin PBXGroup section */
		1755B37D2AC581AA008D41C8 = {
			isa = PBXGroup;
			children = (
				1755B3882AC581AA008D41C8 /* wordle */,
				1755B3972AC5919D008D41C8 /* Service */,
				1755B39A2AC59274008D41C8 /* UI */,
				1755B3872AC581AA008D41C8 /* Products */,
			);
			sourceTree = "<group>";
		};
		1755B3872AC581AA008D41C8 /* Products */ = {
			isa = PBXGroup;
			children = (
				1755B3862AC581AA008D41C8 /* wordle.app */,
			);
			name = Products;
			sourceTree = "<group>";
		};
		1755B3882AC581AA008D41C8 /* wordle */ = {
			isa = PBXGroup;
			children = (
				1755B3892AC581AA008D41C8 /* wordleApp.swift */,
				1755B38D2AC581AC008D41C8 /* Assets.xcassets */,
				1755B3A82AC5AEDA008D41C8 /* wordle-words.txt */,
				1755B38F2AC581AC008D41C8 /* Preview Content */,
			);
			path = wordle;
			sourceTree = "<group>";
		};
		1755B38F2AC581AC008D41C8 /* Preview Content */ = {
			isa = PBXGroup;
			children = (
				1755B3902AC581AC008D41C8 /* Preview Assets.xcassets */,
			);
			path = "Preview Content";
			sourceTree = "<group>";
		};
		1755B3972AC5919D008D41C8 /* Service */ = {
			isa = PBXGroup;
			children = (
				1755B3AA2AC5AEF5008D41C8 /* AppService.swift */,
				1755B3982AC591AF008D41C8 /* KeyboardService.swift */,
			);
			path = Service;
			sourceTree = "<group>";
		};
		1755B39A2AC59274008D41C8 /* UI */ = {
			isa = PBXGroup;
			children = (
				17E0EF8D2ACFECB80089CA27 /* WebView */,
				17BCAADD2ACBDE9F00DA8595 /* ModalView */,
				1755B3A32AC5A8A9008D41C8 /* MainScreen */,
				1755B3A02AC59F1A008D41C8 /* GridView */,
				1755B39B2AC59287008D41C8 /* KeyboardView */,
				17D49EDF2AC6B3640074ED6C /* Utils */,
			);
			path = UI;
			sourceTree = "<group>";
		};
		1755B39B2AC59287008D41C8 /* KeyboardView */ = {
			isa = PBXGroup;
			children = (
				1755B39C2AC59299008D41C8 /* KeyboardView.swift */,
				1755B39E2AC59A3D008D41C8 /* KeyboardViewModel.swift */,
			);
			path = KeyboardView;
			sourceTree = "<group>";
		};
		1755B3A02AC59F1A008D41C8 /* GridView */ = {
			isa = PBXGroup;
			children = (
				1755B3A12AC59F24008D41C8 /* GridView.swift */,
				1755B3AC2AC5B249008D41C8 /* GridViewModel.swift */,
			);
			path = GridView;
			sourceTree = "<group>";
		};
		1755B3A32AC5A8A9008D41C8 /* MainScreen */ = {
			isa = PBXGroup;
			children = (
				1755B3A42AC5A8B4008D41C8 /* MainView.swift */,
				1755B3A62AC5A8C1008D41C8 /* MainViewModel.swift */,
			);
			path = MainScreen;
			sourceTree = "<group>";
		};
		17BCAADD2ACBDE9F00DA8595 /* ModalView */ = {
			isa = PBXGroup;
			children = (
				17BCAADE2ACBDEB700DA8595 /* ModalView.swift */,
				17BCAAE02ACBDF4300DA8595 /* ModalViewModel.swift */,
			);
			path = ModalView;
			sourceTree = "<group>";
		};
		17D49EDF2AC6B3640074ED6C /* Utils */ = {
			isa = PBXGroup;
			children = (
				17D49EE02AC6B3690074ED6C /* Extensions */,
			);
			path = Utils;
			sourceTree = "<group>";
		};
		17D49EE02AC6B3690074ED6C /* Extensions */ = {
			isa = PBXGroup;
			children = (
				17D49EE12AC6B37B0074ED6C /* Arrays.swift */,
			);
			path = Extensions;
			sourceTree = "<group>";
		};
		17E0EF8D2ACFECB80089CA27 /* WebView */ = {
			isa = PBXGroup;
			children = (
				17E0EF8E2ACFECC70089CA27 /* WebView.swift */,
			);
			path = WebView;
			sourceTree = "<group>";
		};
/* End PBXGroup section */

/* Begin PBXNativeTarget section */
		1755B3852AC581AA008D41C8 /* wordle */ = {
			isa = PBXNativeTarget;
			buildConfigurationList = 1755B3942AC581AC008D41C8 /* Build configuration list for PBXNativeTarget "wordle" */;
			buildPhases = (
				1755B3822AC581AA008D41C8 /* Sources */,
				1755B3832AC581AA008D41C8 /* Frameworks */,
				1755B3842AC581AA008D41C8 /* Resources */,
			);
			buildRules = (
			);
			dependencies = (
			);
			name = wordle;
			packageProductDependencies = (
				17D49EE42AC6B4150074ED6C /* AlertToast */,
			);
			productName = wordle;
			productReference = 1755B3862AC581AA008D41C8 /* wordle.app */;
			productType = "com.apple.product-type.application";
		};
/* End PBXNativeTarget section */

/* Begin PBXProject section */
		1755B37E2AC581AA008D41C8 /* Project object */ = {
			isa = PBXProject;
			attributes = {
				BuildIndependentTargetsInParallel = 1;
				LastSwiftUpdateCheck = 1430;
				LastUpgradeCheck = 1430;
				TargetAttributes = {
					1755B3852AC581AA008D41C8 = {
						CreatedOnToolsVersion = 14.3.1;
					};
				};
			};
			buildConfigurationList = 1755B3812AC581AA008D41C8 /* Build configuration list for PBXProject "wordle" */;
			compatibilityVersion = "Xcode 14.0";
			developmentRegion = en;
			hasScannedForEncodings = 0;
			knownRegions = (
				en,
				Base,
			);
			mainGroup = 1755B37D2AC581AA008D41C8;
			packageReferences = (
				17D49EE32AC6B4150074ED6C /* XCRemoteSwiftPackageReference "AlertToast" */,
			);
			productRefGroup = 1755B3872AC581AA008D41C8 /* Products */;
			projectDirPath = "";
			projectRoot = "";
			targets = (
				1755B3852AC581AA008D41C8 /* wordle */,
			);
		};
/* End PBXProject section */

/* Begin PBXResourcesBuildPhase section */
		1755B3842AC581AA008D41C8 /* Resources */ = {
			isa = PBXResourcesBuildPhase;
			buildActionMask = 2147483647;
			files = (
				1755B3912AC581AC008D41C8 /* Preview Assets.xcassets in Resources */,
				1755B38E2AC581AC008D41C8 /* Assets.xcassets in Resources */,
				1755B3A92AC5AEDB008D41C8 /* wordle-words.txt in Resources */,
			);
			runOnlyForDeploymentPostprocessing = 0;
		};
/* End PBXResourcesBuildPhase section */

/* Begin PBXSourcesBuildPhase section */
		1755B3822AC581AA008D41C8 /* Sources */ = {
			isa = PBXSourcesBuildPhase;
			buildActionMask = 2147483647;
			files = (
				17BCAADF2ACBDEB700DA8595 /* ModalView.swift in Sources */,
				1755B3992AC591AF008D41C8 /* KeyboardService.swift in Sources */,
				17E0EF8F2ACFECC70089CA27 /* WebView.swift in Sources */,
				1755B3A52AC5A8B4008D41C8 /* MainView.swift in Sources */,
				1755B39F2AC59A3D008D41C8 /* KeyboardViewModel.swift in Sources */,
				1755B3AD2AC5B249008D41C8 /* GridViewModel.swift in Sources */,
				1755B39D2AC59299008D41C8 /* KeyboardView.swift in Sources */,
				1755B3A22AC59F24008D41C8 /* GridView.swift in Sources */,
				1755B3AB2AC5AEF5008D41C8 /* AppService.swift in Sources */,
				17BCAAE12ACBDF4300DA8595 /* ModalViewModel.swift in Sources */,
				1755B38A2AC581AA008D41C8 /* wordleApp.swift in Sources */,
				1755B3A72AC5A8C1008D41C8 /* MainViewModel.swift in Sources */,
				17D49EE22AC6B37B0074ED6C /* Arrays.swift in Sources */,
			);
			runOnlyForDeploymentPostprocessing = 0;
		};
/* End PBXSourcesBuildPhase section */

/* Begin XCBuildConfiguration section */
		1755B3922AC581AC008D41C8 /* Debug */ = {
			isa = XCBuildConfiguration;
			buildSettings = {
				ALWAYS_SEARCH_USER_PATHS = NO;
				CLANG_ANALYZER_NONNULL = YES;
				CLANG_ANALYZER_NUMBER_OBJECT_CONVERSION = YES_AGGRESSIVE;
				CLANG_CXX_LANGUAGE_STANDARD = "gnu++20";
				CLANG_ENABLE_MODULES = YES;
				CLANG_ENABLE_OBJC_ARC = YES;
				CLANG_ENABLE_OBJC_WEAK = YES;
				CLANG_WARN_BLOCK_CAPTURE_AUTORELEASING = YES;
				CLANG_WARN_BOOL_CONVERSION = YES;
				CLANG_WARN_COMMA = YES;
				CLANG_WARN_CONSTANT_CONVERSION = YES;
				CLANG_WARN_DEPRECATED_OBJC_IMPLEMENTATIONS = YES;
				CLANG_WARN_DIRECT_OBJC_ISA_USAGE = YES_ERROR;
				CLANG_WARN_DOCUMENTATION_COMMENTS = YES;
				CLANG_WARN_EMPTY_BODY = YES;
				CLANG_WARN_ENUM_CONVERSION = YES;
				CLANG_WARN_INFINITE_RECURSION = YES;
				CLANG_WARN_INT_CONVERSION = YES;
				CLANG_WARN_NON_LITERAL_NULL_CONVERSION = YES;
				CLANG_WARN_OBJC_IMPLICIT_RETAIN_SELF = YES;
				CLANG_WARN_OBJC_LITERAL_CONVERSION = YES;
				CLANG_WARN_OBJC_ROOT_CLASS = YES_ERROR;
				CLANG_WARN_QUOTED_INCLUDE_IN_FRAMEWORK_HEADER = YES;
				CLANG_WARN_RANGE_LOOP_ANALYSIS = YES;
				CLANG_WARN_STRICT_PROTOTYPES = YES;
				CLANG_WARN_SUSPICIOUS_MOVE = YES;
				CLANG_WARN_UNGUARDED_AVAILABILITY = YES_AGGRESSIVE;
				CLANG_WARN_UNREACHABLE_CODE = YES;
				CLANG_WARN__DUPLICATE_METHOD_MATCH = YES;
				COPY_PHASE_STRIP = NO;
				DEBUG_INFORMATION_FORMAT = dwarf;
				ENABLE_STRICT_OBJC_MSGSEND = YES;
				ENABLE_TESTABILITY = YES;
				GCC_C_LANGUAGE_STANDARD = gnu11;
				GCC_DYNAMIC_NO_PIC = NO;
				GCC_NO_COMMON_BLOCKS = YES;
				GCC_OPTIMIZATION_LEVEL = 0;
				GCC_PREPROCESSOR_DEFINITIONS = (
					"DEBUG=1",
					"$(inherited)",
				);
				GCC_WARN_64_TO_32_BIT_CONVERSION = YES;
				GCC_WARN_ABOUT_RETURN_TYPE = YES_ERROR;
				GCC_WARN_UNDECLARED_SELECTOR = YES;
				GCC_WARN_UNINITIALIZED_AUTOS = YES_AGGRESSIVE;
				GCC_WARN_UNUSED_FUNCTION = YES;
				GCC_WARN_UNUSED_VARIABLE = YES;
				IPHONEOS_DEPLOYMENT_TARGET = 16.4;
				MTL_ENABLE_DEBUG_INFO = INCLUDE_SOURCE;
				MTL_FAST_MATH = YES;
				ONLY_ACTIVE_ARCH = YES;
				SDKROOT = iphoneos;
				SWIFT_ACTIVE_COMPILATION_CONDITIONS = DEBUG;
				SWIFT_OPTIMIZATION_LEVEL = "-Onone";
			};
			name = Debug;
		};
		1755B3932AC581AC008D41C8 /* Release */ = {
			isa = XCBuildConfiguration;
			buildSettings = {
				ALWAYS_SEARCH_USER_PATHS = NO;
				CLANG_ANALYZER_NONNULL = YES;
				CLANG_ANALYZER_NUMBER_OBJECT_CONVERSION = YES_AGGRESSIVE;
				CLANG_CXX_LANGUAGE_STANDARD = "gnu++20";
				CLANG_ENABLE_MODULES = YES;
				CLANG_ENABLE_OBJC_ARC = YES;
				CLANG_ENABLE_OBJC_WEAK = YES;
				CLANG_WARN_BLOCK_CAPTURE_AUTORELEASING = YES;
				CLANG_WARN_BOOL_CONVERSION = YES;
				CLANG_WARN_COMMA = YES;
				CLANG_WARN_CONSTANT_CONVERSION = YES;
				CLANG_WARN_DEPRECATED_OBJC_IMPLEMENTATIONS = YES;
				CLANG_WARN_DIRECT_OBJC_ISA_USAGE = YES_ERROR;
				CLANG_WARN_DOCUMENTATION_COMMENTS = YES;
				CLANG_WARN_EMPTY_BODY = YES;
				CLANG_WARN_ENUM_CONVERSION = YES;
				CLANG_WARN_INFINITE_RECURSION = YES;
				CLANG_WARN_INT_CONVERSION = YES;
				CLANG_WARN_NON_LITERAL_NULL_CONVERSION = YES;
				CLANG_WARN_OBJC_IMPLICIT_RETAIN_SELF = YES;
				CLANG_WARN_OBJC_LITERAL_CONVERSION = YES;
				CLANG_WARN_OBJC_ROOT_CLASS = YES_ERROR;
				CLANG_WARN_QUOTED_INCLUDE_IN_FRAMEWORK_HEADER = YES;
				CLANG_WARN_RANGE_LOOP_ANALYSIS = YES;
				CLANG_WARN_STRICT_PROTOTYPES = YES;
				CLANG_WARN_SUSPICIOUS_MOVE = YES;
				CLANG_WARN_UNGUARDED_AVAILABILITY = YES_AGGRESSIVE;
				CLANG_WARN_UNREACHABLE_CODE = YES;
				CLANG_WARN__DUPLICATE_METHOD_MATCH = YES;
				COPY_PHASE_STRIP = NO;
				DEBUG_INFORMATION_FORMAT = "dwarf-with-dsym";
				ENABLE_NS_ASSERTIONS = NO;
				ENABLE_STRICT_OBJC_MSGSEND = YES;
				GCC_C_LANGUAGE_STANDARD = gnu11;
				GCC_NO_COMMON_BLOCKS = YES;
				GCC_WARN_64_TO_32_BIT_CONVERSION = YES;
				GCC_WARN_ABOUT_RETURN_TYPE = YES_ERROR;
				GCC_WARN_UNDECLARED_SELECTOR = YES;
				GCC_WARN_UNINITIALIZED_AUTOS = YES_AGGRESSIVE;
				GCC_WARN_UNUSED_FUNCTION = YES;
				GCC_WARN_UNUSED_VARIABLE = YES;
				IPHONEOS_DEPLOYMENT_TARGET = 16.4;
				MTL_ENABLE_DEBUG_INFO = NO;
				MTL_FAST_MATH = YES;
				SDKROOT = iphoneos;
				SWIFT_COMPILATION_MODE = wholemodule;
				SWIFT_OPTIMIZATION_LEVEL = "-O";
				VALIDATE_PRODUCT = YES;
			};
			name = Release;
		};
		1755B3952AC581AC008D41C8 /* Debug */ = {
			isa = XCBuildConfiguration;
			buildSettings = {
				ASSETCATALOG_COMPILER_APPICON_NAME = AppIcon;
				ASSETCATALOG_COMPILER_GLOBAL_ACCENT_COLOR_NAME = AccentColor;
				CODE_SIGN_STYLE = Automatic;
				CURRENT_PROJECT_VERSION = 1;
				DEVELOPMENT_ASSET_PATHS = "\"wordle/Preview Content\"";
				DEVELOPMENT_TEAM = G67K295JTY;
				ENABLE_PREVIEWS = YES;
				GENERATE_INFOPLIST_FILE = YES;
				INFOPLIST_KEY_UIApplicationSceneManifest_Generation = YES;
				INFOPLIST_KEY_UIApplicationSupportsIndirectInputEvents = YES;
				INFOPLIST_KEY_UILaunchScreen_Generation = YES;
				INFOPLIST_KEY_UISupportedInterfaceOrientations_iPad = "UIInterfaceOrientationPortrait UIInterfaceOrientationPortraitUpsideDown UIInterfaceOrientationLandscapeLeft UIInterfaceOrientationLandscapeRight";
				INFOPLIST_KEY_UISupportedInterfaceOrientations_iPhone = "UIInterfaceOrientationPortrait UIInterfaceOrientationLandscapeLeft UIInterfaceOrientationLandscapeRight";
				IPHONEOS_DEPLOYMENT_TARGET = 14.0;
				LD_RUNPATH_SEARCH_PATHS = (
					"$(inherited)",
					"@executable_path/Frameworks",
				);
				MARKETING_VERSION = 1.0;
				PRODUCT_BUNDLE_IDENTIFIER = mihai.wordle;
				PRODUCT_NAME = "$(TARGET_NAME)";
				SWIFT_EMIT_LOC_STRINGS = YES;
				SWIFT_VERSION = 5.0;
				TARGETED_DEVICE_FAMILY = "1,2";
			};
			name = Debug;
		};
		1755B3962AC581AC008D41C8 /* Release */ = {
			isa = XCBuildConfiguration;
			buildSettings = {
				ASSETCATALOG_COMPILER_APPICON_NAME = AppIcon;
				ASSETCATALOG_COMPILER_GLOBAL_ACCENT_COLOR_NAME = AccentColor;
				CODE_SIGN_STYLE = Automatic;
				CURRENT_PROJECT_VERSION = 1;
				DEVELOPMENT_ASSET_PATHS = "\"wordle/Preview Content\"";
				DEVELOPMENT_TEAM = G67K295JTY;
				ENABLE_PREVIEWS = YES;
				GENERATE_INFOPLIST_FILE = YES;
				INFOPLIST_KEY_UIApplicationSceneManifest_Generation = YES;
				INFOPLIST_KEY_UIApplicationSupportsIndirectInputEvents = YES;
				INFOPLIST_KEY_UILaunchScreen_Generation = YES;
				INFOPLIST_KEY_UISupportedInterfaceOrientations_iPad = "UIInterfaceOrientationPortrait UIInterfaceOrientationPortraitUpsideDown UIInterfaceOrientationLandscapeLeft UIInterfaceOrientationLandscapeRight";
				INFOPLIST_KEY_UISupportedInterfaceOrientations_iPhone = "UIInterfaceOrientationPortrait UIInterfaceOrientationLandscapeLeft UIInterfaceOrientationLandscapeRight";
				IPHONEOS_DEPLOYMENT_TARGET = 14.0;
				LD_RUNPATH_SEARCH_PATHS = (
					"$(inherited)",
					"@executable_path/Frameworks",
				);
				MARKETING_VERSION = 1.0;
				PRODUCT_BUNDLE_IDENTIFIER = mihai.wordle;
				PRODUCT_NAME = "$(TARGET_NAME)";
				SWIFT_EMIT_LOC_STRINGS = YES;
				SWIFT_VERSION = 5.0;
				TARGETED_DEVICE_FAMILY = "1,2";
			};
			name = Release;
		};
/* End XCBuildConfiguration section */

/* Begin XCConfigurationList section */
		1755B3812AC581AA008D41C8 /* Build configuration list for PBXProject "wordle" */ = {
			isa = XCConfigurationList;
			buildConfigurations = (
				1755B3922AC581AC008D41C8 /* Debug */,
				1755B3932AC581AC008D41C8 /* Release */,
			);
			defaultConfigurationIsVisible = 0;
			defaultConfigurationName = Release;
		};
		1755B3942AC581AC008D41C8 /* Build configuration list for PBXNativeTarget "wordle" */ = {
			isa = XCConfigurationList;
			buildConfigurations = (
				1755B3952AC581AC008D41C8 /* Debug */,
				1755B3962AC581AC008D41C8 /* Release */,
			);
			defaultConfigurationIsVisible = 0;
			defaultConfigurationName = Release;
		};
/* End XCConfigurationList section */

/* Begin XCRemoteSwiftPackageReference section */
		17D49EE32AC6B4150074ED6C /* XCRemoteSwiftPackageReference "AlertToast" */ = {
			isa = XCRemoteSwiftPackageReference;
			repositoryURL = "https://github.com/elai950/AlertToast.git";
			requirement = {
				kind = upToNextMajorVersion;
				minimumVersion = 1.0.0;
			};
		};
/* End XCRemoteSwiftPackageReference section */

/* Begin XCSwiftPackageProductDependency section */
		17D49EE42AC6B4150074ED6C /* AlertToast */ = {
			isa = XCSwiftPackageProductDependency;
			package = 17D49EE32AC6B4150074ED6C /* XCRemoteSwiftPackageReference "AlertToast" */;
			productName = AlertToast;
		};
/* End XCSwiftPackageProductDependency section */
	};
	rootObject = 1755B37E2AC581AA008D41C8 /* Project object */;
}
